
Microsoft Visual Studio Solution File, Format Version 12.00
# Visual Studio 2017
Project("{FAE04EC0-301F-11D3-BF4B-00C04F79EFBC}") = "Belajar Vegetasi", "Belajar Vegetasi.csproj", "{F25D3D01-3890-E716-3EBF-4E24E09121F6}"
EndProject
Project("{FAE04EC0-301F-11D3-BF4B-00C04F79EFBC}") = "Belajar Vegetasi.Editor", "Belajar Vegetasi.Editor.csproj", "{CAD3E9B3-C2C2-EF41-6392-74953A784A12}"
EndProject
Global
	GlobalSection(SolutionConfigurationPlatforms) = preSolution
		Debug|Any CPU = Debug|Any CPU
		Release|Any CPU = Release|Any CPU
	EndGlobalSection
	GlobalSection(ProjectConfigurationPlatforms) = postSolution
		{F25D3D01-3890-E716-3EBF-4E24E09121F6}.Debug|Any CPU.ActiveCfg = Debug|Any CPU
		{F25D3D01-3890-E716-3EBF-4E24E09121F6}.Debug|Any CPU.Build.0 = Debug|Any CPU
		{F25D3D01-3890-E716-3EBF-4E24E09121F6}.Release|Any CPU.ActiveCfg = Release|Any CPU
		{F25D3D01-3890-E716-3EBF-4E24E09121F6}.Release|Any CPU.Build.0 = Release|Any CPU
		{CAD3E9B3-C2C2-EF41-6392-74953A784A12}.Debug|Any CPU.ActiveCfg = Debug|Any CPU
		{CAD3E9B3-C2C2-EF41-6392-74953A784A12}.Debug|Any CPU.Build.0 = Debug|Any CPU
		{CAD3E9B3-C2C2-EF41-6392-74953A784A12}.Release|Any CPU.ActiveCfg = Release|Any CPU
		{CAD3E9B3-C2C2-EF41-6392-74953A784A12}.Release|Any CPU.Build.0 = Release|Any CPU
	EndGlobalSection
	GlobalSection(SolutionProperties) = preSolution
		HideSolutionNode = FALSE
	EndGlobalSection
EndGlobal
